# This file is automatically @generated by Cargo.
# It is not intended for manual editing.
[[package]]
name = "bumpalo"
version = "3.2.1"
source = "registry+https://github.com/rust-lang/crates.io-index"
checksum = "12ae9db68ad7fac5fe51304d20f016c911539251075a214f8e663babefa35187"

[[package]]
name = "cfg-if"
version = "0.1.10"
source = "registry+https://github.com/rust-lang/crates.io-index"
checksum = "4785bdd1c96b2a846b2bd7cc02e86b6b3dbf14e7e53446c4f54c92a361040822"

[[package]]
name = "console_error_panic_hook"
version = "0.1.6"
source = "registry+https://github.com/rust-lang/crates.io-index"
checksum = "b8d976903543e0c48546a91908f21588a680a8c8f984df9a5d69feccb2b2a211"
dependencies = [
 "cfg-if",
 "wasm-bindgen",
]

[[package]]
name = "gl_generator"
version = "0.13.1"
source = "registry+https://github.com/rust-lang/crates.io-index"
checksum = "ca98bbde17256e02d17336a6bdb5a50f7d0ccacee502e191d3e3d0ec2f96f84a"
dependencies = [
 "khronos_api",
 "log",
 "xml-rs",
]

[[package]]
name = "glow"
version = "0.4.0"
source = "registry+https://github.com/rust-lang/crates.io-index"
checksum = "31aed196700daf16e1241d819ff4a4855a78ee0cddb051948d50b9213deec82f"
dependencies = [
 "gl_generator",
 "js-sys",
 "slotmap",
 "wasm-bindgen",
 "web-sys",
]

[[package]]
name = "js-sys"
version = "0.3.37"
source = "registry+https://github.com/rust-lang/crates.io-index"
checksum = "6a27d435371a2fa5b6d2b028a74bbdb1234f308da363226a2854ca3ff8ba7055"
dependencies = [
 "wasm-bindgen",
]

[[package]]
name = "kapp"
version = "0.1.0"
dependencies = [
 "kapp_gl_context",
 "kapp_platforms",
]

[[package]]
name = "kapp_gl_context"
version = "0.1.0"
dependencies = [
 "glow",
 "kapp",
 "kapp_platform_common",
 "lawrencium",
 "objc",
 "raw-window-handle",
 "wasm-bindgen",
 "web-sys",
]

[[package]]
name = "kapp_platform_common"
version = "0.1.0"
dependencies = [
 "raw-window-handle",
]

[[package]]
name = "kapp_platforms"
version = "0.1.0"
dependencies = [
 "console_error_panic_hook",
 "kapp_platform_common",
 "objc",
 "raw-window-handle",
 "wasm-bindgen",
 "web-sys",
]

[[package]]
name = "khronos_api"
version = "3.1.0"
source = "registry+https://github.com/rust-lang/crates.io-index"
checksum = "e2db585e1d738fc771bf08a151420d3ed193d9d895a36df7f6f8a9456b911ddc"

[[package]]
name = "lawrencium"
version = "1.0.1-alpha.0"
source = "git+https://github.com/Lokathor/lawrencium?rev=4079f8a#4079f8a5b1b92c1d720d8c8013e34363826d6938"

[[package]]
name = "lazy_static"
version = "1.4.0"
source = "registry+https://github.com/rust-lang/crates.io-index"
checksum = "e2abad23fbc42b3700f2f279844dc832adb2b2eb069b2df918f455c4e18cc646"

[[package]]
name = "libc"
version = "0.2.72"
source = "registry+https://github.com/rust-lang/crates.io-index"
checksum = "a9f8082297d534141b30c8d39e9b1773713ab50fdbe4ff30f750d063b3bfd701"

[[package]]
name = "log"
version = "0.4.8"
source = "registry+https://github.com/rust-lang/crates.io-index"
checksum = "14b6052be84e6b71ab17edffc2eeabf5c2c3ae1fdb464aae35ac50c67a44e1f7"
dependencies = [
 "cfg-if",
]

[[package]]
name = "malloc_buf"
version = "0.0.6"
source = "registry+https://github.com/rust-lang/crates.io-index"
checksum = "62bb907fe88d54d8d9ce32a3cceab4218ed2f6b7d35617cafe9adf84e43919cb"
dependencies = [
 "libc",
]

[[package]]
name = "objc"
version = "0.2.7"
source = "registry+https://github.com/rust-lang/crates.io-index"
checksum = "915b1b472bc21c53464d6c8461c9d3af805ba1ef837e1cac254428f4a77177b1"
dependencies = [
 "malloc_buf",
]

[[package]]
name = "proc-macro2"
version = "1.0.18"
source = "registry+https://github.com/rust-lang/crates.io-index"
checksum = "beae6331a816b1f65d04c45b078fd8e6c93e8071771f41b8163255bbd8d7c8fa"
dependencies = [
 "unicode-xid",
]

[[package]]
name = "quote"
version = "1.0.3"
source = "registry+https://github.com/rust-lang/crates.io-index"
checksum = "2bdc6c187c65bca4260c9011c9e3132efe4909da44726bad24cf7572ae338d7f"
dependencies = [
 "proc-macro2",
]

[[package]]
name = "raw-window-handle"
version = "0.3.3"
source = "registry+https://github.com/rust-lang/crates.io-index"
checksum = "0a441a7a6c80ad6473bd4b74ec1c9a4c951794285bf941c2126f607c72e48211"
dependencies = [
 "libc",
]

[[package]]
name = "slotmap"
version = "0.3.0"
source = "registry+https://github.com/rust-lang/crates.io-index"
checksum = "759fd553261805f128e2900bf69ab3d034260bc338caf7f0ee54dbf035c85acd"

[[package]]
name = "syn"
version = "1.0.34"
source = "registry+https://github.com/rust-lang/crates.io-index"
checksum = "936cae2873c940d92e697597c5eee105fb570cd5689c695806f672883653349b"
dependencies = [
 "proc-macro2",
 "quote",
 "unicode-xid",
]

[[package]]
name = "unicode-xid"
version = "0.2.0"
source = "registry+https://github.com/rust-lang/crates.io-index"
checksum = "826e7639553986605ec5979c7dd957c7895e93eabed50ab2ffa7f6128a75097c"

[[package]]
name = "wasm-bindgen"
version = "0.2.64"
source = "registry+https://github.com/rust-lang/crates.io-index"
checksum = "6a634620115e4a229108b71bde263bb4220c483b3f07f5ba514ee8d15064c4c2"
dependencies = [
 "cfg-if",
 "wasm-bindgen-macro",
]

[[package]]
name = "wasm-bindgen-backend"
version = "0.2.64"
source = "registry+https://github.com/rust-lang/crates.io-index"
checksum = "3e53963b583d18a5aa3aaae4b4c1cb535218246131ba22a71f05b518098571df"
dependencies = [
 "bumpalo",
 "lazy_static",
 "log",
 "proc-macro2",
 "quote",
 "syn",
 "wasm-bindgen-shared",
]

[[package]]
name = "wasm-bindgen-macro"
version = "0.2.64"
source = "registry+https://github.com/rust-lang/crates.io-index"
checksum = "3fcfd5ef6eec85623b4c6e844293d4516470d8f19cd72d0d12246017eb9060b8"
dependencies = [
 "quote",
 "wasm-bindgen-macro-support",
]

[[package]]
name = "wasm-bindgen-macro-support"
version = "0.2.64"
source = "registry+https://github.com/rust-lang/crates.io-index"
checksum = "9adff9ee0e94b926ca81b57f57f86d5545cdcb1d259e21ec9bdd95b901754c75"
dependencies = [
 "proc-macro2",
 "quote",
 "syn",
 "wasm-bindgen-backend",
 "wasm-bindgen-shared",
]

[[package]]
name = "wasm-bindgen-shared"
version = "0.2.64"
source = "registry+https://github.com/rust-lang/crates.io-index"
checksum = "7f7b90ea6c632dd06fd765d44542e234d5e63d9bb917ecd64d79778a13bd79ae"

[[package]]
name = "web-sys"
version = "0.3.37"
source = "registry+https://github.com/rust-lang/crates.io-index"
checksum = "2d6f51648d8c56c366144378a33290049eafdd784071077f6fe37dae64c1c4cb"
dependencies = [
 "js-sys",
 "wasm-bindgen",
]

[[package]]
name = "xml-rs"
version = "0.8.3"
source = "registry+https://github.com/rust-lang/crates.io-index"
checksum = "b07db065a5cf61a7e4ba64f29e67db906fb1787316516c4e6e5ff0fea1efcd8a"
