# This file is automatically @generated by Cargo.
# It is not intended for manual editing.
[[package]]
name = "kettlewin_gl_context"
version = "0.1.0"
dependencies = [
 "objc 0.2.7 (git+https://github.com/kettle11/rust-objc)",
]

[[package]]
name = "malloc_buf"
version = "1.0.0"
source = "git+https://github.com/kettle11/malloc_buf#07b545a4beb92a11384ce5653dd6dbea656e269e"

[[package]]
name = "objc"
version = "0.2.7"
source = "git+https://github.com/kettle11/rust-objc#b62a390e7ece7e705d0dc90ecbb1384844379ff0"
dependencies = [
 "malloc_buf 1.0.0 (git+https://github.com/kettle11/malloc_buf)",
 "objc-encode 1.1.0 (registry+https://github.com/rust-lang/crates.io-index)",
]

[[package]]
name = "objc-encode"
version = "1.1.0"
source = "registry+https://github.com/rust-lang/crates.io-index"

[metadata]
"checksum malloc_buf 1.0.0 (git+https://github.com/kettle11/malloc_buf)" = "<none>"
"checksum objc 0.2.7 (git+https://github.com/kettle11/rust-objc)" = "<none>"
"checksum objc-encode 1.1.0 (registry+https://github.com/rust-lang/crates.io-index)" = "8a34fdd0d389ac7d4a94d1afeb9e2acc8d74ecf6d730519dd1a8625e8e1ed822"
