# This file is automatically @generated by Cargo.
# It is not intended for manual editing.
[[package]]
name = "bumpalo"
version = "3.2.1"
source = "registry+https://github.com/rust-lang/crates.io-index"

[[package]]
name = "cfg-if"
version = "0.1.10"
source = "registry+https://github.com/rust-lang/crates.io-index"

[[package]]
name = "js-sys"
version = "0.3.36"
source = "registry+https://github.com/rust-lang/crates.io-index"
dependencies = [
 "wasm-bindgen 0.2.59 (registry+https://github.com/rust-lang/crates.io-index)",
]

[[package]]
name = "kettlewin"
version = "0.1.0"
dependencies = [
 "kettlewin_platform_macos 0.1.0",
 "kettlewin_platform_web 0.1.0",
]

[[package]]
name = "kettlewin_platform_common"
version = "0.1.0"

[[package]]
name = "kettlewin_platform_macos"
version = "0.1.0"
dependencies = [
 "kettlewin_platform_common 0.1.0",
 "objc 0.2.7 (git+https://github.com/kettle11/rust-objc)",
]

[[package]]
name = "kettlewin_platform_web"
version = "0.1.0"
dependencies = [
 "kettlewin_platform_common 0.1.0",
 "wasm-bindgen 0.2.59 (registry+https://github.com/rust-lang/crates.io-index)",
 "web-sys 0.3.36 (registry+https://github.com/rust-lang/crates.io-index)",
]

[[package]]
name = "lazy_static"
version = "1.4.0"
source = "registry+https://github.com/rust-lang/crates.io-index"

[[package]]
name = "log"
version = "0.4.8"
source = "registry+https://github.com/rust-lang/crates.io-index"
dependencies = [
 "cfg-if 0.1.10 (registry+https://github.com/rust-lang/crates.io-index)",
]

[[package]]
name = "malloc_buf"
version = "1.0.0"
source = "git+https://github.com/kettle11/malloc_buf#07b545a4beb92a11384ce5653dd6dbea656e269e"

[[package]]
name = "no_gl"
version = "0.1.0"
dependencies = [
 "kettlewin 0.1.0",
]

[[package]]
name = "objc"
version = "0.2.7"
source = "git+https://github.com/kettle11/rust-objc#b62a390e7ece7e705d0dc90ecbb1384844379ff0"
dependencies = [
 "malloc_buf 1.0.0 (git+https://github.com/kettle11/malloc_buf)",
 "objc-encode 1.1.0 (registry+https://github.com/rust-lang/crates.io-index)",
]

[[package]]
name = "objc-encode"
version = "1.1.0"
source = "registry+https://github.com/rust-lang/crates.io-index"

[[package]]
name = "proc-macro2"
version = "1.0.9"
source = "registry+https://github.com/rust-lang/crates.io-index"
dependencies = [
 "unicode-xid 0.2.0 (registry+https://github.com/rust-lang/crates.io-index)",
]

[[package]]
name = "quote"
version = "1.0.3"
source = "registry+https://github.com/rust-lang/crates.io-index"
dependencies = [
 "proc-macro2 1.0.9 (registry+https://github.com/rust-lang/crates.io-index)",
]

[[package]]
name = "syn"
version = "1.0.17"
source = "registry+https://github.com/rust-lang/crates.io-index"
dependencies = [
 "proc-macro2 1.0.9 (registry+https://github.com/rust-lang/crates.io-index)",
 "quote 1.0.3 (registry+https://github.com/rust-lang/crates.io-index)",
 "unicode-xid 0.2.0 (registry+https://github.com/rust-lang/crates.io-index)",
]

[[package]]
name = "unicode-xid"
version = "0.2.0"
source = "registry+https://github.com/rust-lang/crates.io-index"

[[package]]
name = "wasm-bindgen"
version = "0.2.59"
source = "registry+https://github.com/rust-lang/crates.io-index"
dependencies = [
 "cfg-if 0.1.10 (registry+https://github.com/rust-lang/crates.io-index)",
 "wasm-bindgen-macro 0.2.59 (registry+https://github.com/rust-lang/crates.io-index)",
]

[[package]]
name = "wasm-bindgen-backend"
version = "0.2.59"
source = "registry+https://github.com/rust-lang/crates.io-index"
dependencies = [
 "bumpalo 3.2.1 (registry+https://github.com/rust-lang/crates.io-index)",
 "lazy_static 1.4.0 (registry+https://github.com/rust-lang/crates.io-index)",
 "log 0.4.8 (registry+https://github.com/rust-lang/crates.io-index)",
 "proc-macro2 1.0.9 (registry+https://github.com/rust-lang/crates.io-index)",
 "quote 1.0.3 (registry+https://github.com/rust-lang/crates.io-index)",
 "syn 1.0.17 (registry+https://github.com/rust-lang/crates.io-index)",
 "wasm-bindgen-shared 0.2.59 (registry+https://github.com/rust-lang/crates.io-index)",
]

[[package]]
name = "wasm-bindgen-macro"
version = "0.2.59"
source = "registry+https://github.com/rust-lang/crates.io-index"
dependencies = [
 "quote 1.0.3 (registry+https://github.com/rust-lang/crates.io-index)",
 "wasm-bindgen-macro-support 0.2.59 (registry+https://github.com/rust-lang/crates.io-index)",
]

[[package]]
name = "wasm-bindgen-macro-support"
version = "0.2.59"
source = "registry+https://github.com/rust-lang/crates.io-index"
dependencies = [
 "proc-macro2 1.0.9 (registry+https://github.com/rust-lang/crates.io-index)",
 "quote 1.0.3 (registry+https://github.com/rust-lang/crates.io-index)",
 "syn 1.0.17 (registry+https://github.com/rust-lang/crates.io-index)",
 "wasm-bindgen-backend 0.2.59 (registry+https://github.com/rust-lang/crates.io-index)",
 "wasm-bindgen-shared 0.2.59 (registry+https://github.com/rust-lang/crates.io-index)",
]

[[package]]
name = "wasm-bindgen-shared"
version = "0.2.59"
source = "registry+https://github.com/rust-lang/crates.io-index"

[[package]]
name = "web-sys"
version = "0.3.36"
source = "registry+https://github.com/rust-lang/crates.io-index"
dependencies = [
 "js-sys 0.3.36 (registry+https://github.com/rust-lang/crates.io-index)",
 "wasm-bindgen 0.2.59 (registry+https://github.com/rust-lang/crates.io-index)",
]

[metadata]
"checksum bumpalo 3.2.1 (registry+https://github.com/rust-lang/crates.io-index)" = "12ae9db68ad7fac5fe51304d20f016c911539251075a214f8e663babefa35187"
"checksum cfg-if 0.1.10 (registry+https://github.com/rust-lang/crates.io-index)" = "4785bdd1c96b2a846b2bd7cc02e86b6b3dbf14e7e53446c4f54c92a361040822"
"checksum js-sys 0.3.36 (registry+https://github.com/rust-lang/crates.io-index)" = "1cb931d43e71f560c81badb0191596562bafad2be06a3f9025b845c847c60df5"
"checksum lazy_static 1.4.0 (registry+https://github.com/rust-lang/crates.io-index)" = "e2abad23fbc42b3700f2f279844dc832adb2b2eb069b2df918f455c4e18cc646"
"checksum log 0.4.8 (registry+https://github.com/rust-lang/crates.io-index)" = "14b6052be84e6b71ab17edffc2eeabf5c2c3ae1fdb464aae35ac50c67a44e1f7"
"checksum malloc_buf 1.0.0 (git+https://github.com/kettle11/malloc_buf)" = "<none>"
"checksum objc 0.2.7 (git+https://github.com/kettle11/rust-objc)" = "<none>"
"checksum objc-encode 1.1.0 (registry+https://github.com/rust-lang/crates.io-index)" = "8a34fdd0d389ac7d4a94d1afeb9e2acc8d74ecf6d730519dd1a8625e8e1ed822"
"checksum proc-macro2 1.0.9 (registry+https://github.com/rust-lang/crates.io-index)" = "6c09721c6781493a2a492a96b5a5bf19b65917fe6728884e7c44dd0c60ca3435"
"checksum quote 1.0.3 (registry+https://github.com/rust-lang/crates.io-index)" = "2bdc6c187c65bca4260c9011c9e3132efe4909da44726bad24cf7572ae338d7f"
"checksum syn 1.0.17 (registry+https://github.com/rust-lang/crates.io-index)" = "0df0eb663f387145cab623dea85b09c2c5b4b0aef44e945d928e682fce71bb03"
"checksum unicode-xid 0.2.0 (registry+https://github.com/rust-lang/crates.io-index)" = "826e7639553986605ec5979c7dd957c7895e93eabed50ab2ffa7f6128a75097c"
"checksum wasm-bindgen 0.2.59 (registry+https://github.com/rust-lang/crates.io-index)" = "3557c397ab5a8e347d434782bcd31fc1483d927a6826804cec05cc792ee2519d"
"checksum wasm-bindgen-backend 0.2.59 (registry+https://github.com/rust-lang/crates.io-index)" = "e0da9c9a19850d3af6df1cb9574970b566d617ecfaf36eb0b706b6f3ef9bd2f8"
"checksum wasm-bindgen-macro 0.2.59 (registry+https://github.com/rust-lang/crates.io-index)" = "0f6fde1d36e75a714b5fe0cffbb78978f222ea6baebb726af13c78869fdb4205"
"checksum wasm-bindgen-macro-support 0.2.59 (registry+https://github.com/rust-lang/crates.io-index)" = "25bda4168030a6412ea8a047e27238cadf56f0e53516e1e83fec0a8b7c786f6d"
"checksum wasm-bindgen-shared 0.2.59 (registry+https://github.com/rust-lang/crates.io-index)" = "fc9f36ad51f25b0219a3d4d13b90eb44cd075dff8b6280cca015775d7acaddd8"
"checksum web-sys 0.3.36 (registry+https://github.com/rust-lang/crates.io-index)" = "721c6263e2c66fd44501cc5efbfa2b7dfa775d13e4ea38c46299646ed1f9c70a"
